
Microsoft Visual Studio Solution File, Format Version 12.00
# Visual Studio 15
VisualStudioVersion = 15.0.28307.572
MinimumVisualStudioVersion = 10.0.40219.1
Project("{FAE04EC0-301F-11D3-BF4B-00C04F79EFBC}") = "WebApplication1", "WebApplication1\WebApplication1.csproj", "{6775C977-713F-4104-8A67-39FD05F1348D}"
EndProject
Global
	GlobalSection(SolutionConfigurationPlatforms) = preSolution
		Debug|Any CPU = Debug|Any CPU
		Release|Any CPU = Release|Any CPU
	EndGlobalSection
	GlobalSection(ProjectConfigurationPlatforms) = postSolution
		{6775C977-713F-4104-8A67-39FD05F1348D}.Debug|Any CPU.ActiveCfg = Debug|Any CPU
		{6775C977-713F-4104-8A67-39FD05F1348D}.Debug|Any CPU.Build.0 = Debug|Any CPU
		{6775C977-713F-4104-8A67-39FD05F1348D}.Release|Any CPU.ActiveCfg = Release|Any CPU
		{6775C977-713F-4104-8A67-39FD05F1348D}.Release|Any CPU.Build.0 = Release|Any CPU
	EndGlobalSection
	GlobalSection(SolutionProperties) = preSolution
		HideSolutionNode = FALSE
	EndGlobalSection
	GlobalSection(ExtensibilityGlobals) = postSolution
		SolutionGuid = {F283461E-2657-4F8A-A1A2-A507BA8375CF}
	EndGlobalSection
EndGlobal
